
Microsoft Visual Studio Solution File, Format Version 12.00
Project("{FAE04EC0-301F-11D3-BF4B-00C04F79EFBC}") = "API", "API\API.csproj", "{D633A9E9-DA44-4A2E-AB0E-52A956371921}"
EndProject
Project("{2150E333-8FDC-42A3-9474-1A3956D46DE8}") = "Presentation", "Presentation", "{B1F43369-44FF-4B8E-9AB4-BCE62F51001A}"
EndProject
Project("{2150E333-8FDC-42A3-9474-1A3956D46DE8}") = "Domain", "Domain", "{4A84073E-7D66-4E8D-BAB6-5458C32220B5}"
EndProject
Project("{2150E333-8FDC-42A3-9474-1A3956D46DE8}") = "Application", "Application", "{BCA2B254-5E57-4602-869A-0B398EA0503E}"
EndProject
Project("{2150E333-8FDC-42A3-9474-1A3956D46DE8}") = "Infrastructure", "Infrastructure", "{2A08E173-2F6A-4523-A726-0D89CFF43149}"
EndProject
Project("{FAE04EC0-301F-11D3-BF4B-00C04F79EFBC}") = "Domain", "Domain\Domain.csproj", "{A148AA20-4F08-457B-8599-972D4D3C64F6}"
EndProject
Project("{FAE04EC0-301F-11D3-BF4B-00C04F79EFBC}") = "Application", "Application\Application.csproj", "{25AAF844-C277-4D5B-B5E5-060BABDB78F9}"
EndProject
Project("{FAE04EC0-301F-11D3-BF4B-00C04F79EFBC}") = "Persistence", "Persistence\Persistence.csproj", "{270EE973-F53A-4764-872D-91B3D3CE79CA}"
EndProject
Project("{FAE04EC0-301F-11D3-BF4B-00C04F79EFBC}") = "DomainUnitTests", "DomainUnitTests\DomainUnitTests.csproj", "{A4C3A906-A778-4A44-9BBD-700B1B6677AC}"
EndProject
Project("{FAE04EC0-301F-11D3-BF4B-00C04F79EFBC}") = "Services", "Services\Services.csproj", "{4B075530-52AE-4A32-9731-C1DADA08DFB9}"
EndProject
Project("{FAE04EC0-301F-11D3-BF4B-00C04F79EFBC}") = "ApplicationUnitTests", "ApplicationUnitTests\ApplicationUnitTests.csproj", "{3D91722C-ED98-4430-A502-C28FEA0AA2D7}"
EndProject
Project("{FAE04EC0-301F-11D3-BF4B-00C04F79EFBC}") = "ApiUnitTests", "ApiUnitTests\ApiUnitTests.csproj", "{B2E1A0AC-F32E-4439-B4A5-72227DEF6C9B}"
EndProject
Global
	GlobalSection(SolutionConfigurationPlatforms) = preSolution
		Debug|Any CPU = Debug|Any CPU
		Release|Any CPU = Release|Any CPU
	EndGlobalSection
	GlobalSection(ProjectConfigurationPlatforms) = postSolution
		{D633A9E9-DA44-4A2E-AB0E-52A956371921}.Debug|Any CPU.ActiveCfg = Debug|Any CPU
		{D633A9E9-DA44-4A2E-AB0E-52A956371921}.Debug|Any CPU.Build.0 = Debug|Any CPU
		{D633A9E9-DA44-4A2E-AB0E-52A956371921}.Release|Any CPU.ActiveCfg = Release|Any CPU
		{D633A9E9-DA44-4A2E-AB0E-52A956371921}.Release|Any CPU.Build.0 = Release|Any CPU
		{A148AA20-4F08-457B-8599-972D4D3C64F6}.Debug|Any CPU.ActiveCfg = Debug|Any CPU
		{A148AA20-4F08-457B-8599-972D4D3C64F6}.Debug|Any CPU.Build.0 = Debug|Any CPU
		{A148AA20-4F08-457B-8599-972D4D3C64F6}.Release|Any CPU.ActiveCfg = Release|Any CPU
		{A148AA20-4F08-457B-8599-972D4D3C64F6}.Release|Any CPU.Build.0 = Release|Any CPU
		{25AAF844-C277-4D5B-B5E5-060BABDB78F9}.Debug|Any CPU.ActiveCfg = Debug|Any CPU
		{25AAF844-C277-4D5B-B5E5-060BABDB78F9}.Debug|Any CPU.Build.0 = Debug|Any CPU
		{25AAF844-C277-4D5B-B5E5-060BABDB78F9}.Release|Any CPU.ActiveCfg = Release|Any CPU
		{25AAF844-C277-4D5B-B5E5-060BABDB78F9}.Release|Any CPU.Build.0 = Release|Any CPU
		{270EE973-F53A-4764-872D-91B3D3CE79CA}.Debug|Any CPU.ActiveCfg = Debug|Any CPU
		{270EE973-F53A-4764-872D-91B3D3CE79CA}.Debug|Any CPU.Build.0 = Debug|Any CPU
		{270EE973-F53A-4764-872D-91B3D3CE79CA}.Release|Any CPU.ActiveCfg = Release|Any CPU
		{270EE973-F53A-4764-872D-91B3D3CE79CA}.Release|Any CPU.Build.0 = Release|Any CPU
		{A4C3A906-A778-4A44-9BBD-700B1B6677AC}.Debug|Any CPU.ActiveCfg = Debug|Any CPU
		{A4C3A906-A778-4A44-9BBD-700B1B6677AC}.Debug|Any CPU.Build.0 = Debug|Any CPU
		{A4C3A906-A778-4A44-9BBD-700B1B6677AC}.Release|Any CPU.ActiveCfg = Release|Any CPU
		{A4C3A906-A778-4A44-9BBD-700B1B6677AC}.Release|Any CPU.Build.0 = Release|Any CPU
		{4B075530-52AE-4A32-9731-C1DADA08DFB9}.Debug|Any CPU.ActiveCfg = Debug|Any CPU
		{4B075530-52AE-4A32-9731-C1DADA08DFB9}.Debug|Any CPU.Build.0 = Debug|Any CPU
		{4B075530-52AE-4A32-9731-C1DADA08DFB9}.Release|Any CPU.ActiveCfg = Release|Any CPU
		{4B075530-52AE-4A32-9731-C1DADA08DFB9}.Release|Any CPU.Build.0 = Release|Any CPU
		{3D91722C-ED98-4430-A502-C28FEA0AA2D7}.Debug|Any CPU.ActiveCfg = Debug|Any CPU
		{3D91722C-ED98-4430-A502-C28FEA0AA2D7}.Debug|Any CPU.Build.0 = Debug|Any CPU
		{3D91722C-ED98-4430-A502-C28FEA0AA2D7}.Release|Any CPU.ActiveCfg = Release|Any CPU
		{3D91722C-ED98-4430-A502-C28FEA0AA2D7}.Release|Any CPU.Build.0 = Release|Any CPU
		{B2E1A0AC-F32E-4439-B4A5-72227DEF6C9B}.Debug|Any CPU.ActiveCfg = Debug|Any CPU
		{B2E1A0AC-F32E-4439-B4A5-72227DEF6C9B}.Debug|Any CPU.Build.0 = Debug|Any CPU
		{B2E1A0AC-F32E-4439-B4A5-72227DEF6C9B}.Release|Any CPU.ActiveCfg = Release|Any CPU
		{B2E1A0AC-F32E-4439-B4A5-72227DEF6C9B}.Release|Any CPU.Build.0 = Release|Any CPU
	EndGlobalSection
	GlobalSection(NestedProjects) = preSolution
		{D633A9E9-DA44-4A2E-AB0E-52A956371921} = {B1F43369-44FF-4B8E-9AB4-BCE62F51001A}
		{A148AA20-4F08-457B-8599-972D4D3C64F6} = {4A84073E-7D66-4E8D-BAB6-5458C32220B5}
		{25AAF844-C277-4D5B-B5E5-060BABDB78F9} = {BCA2B254-5E57-4602-869A-0B398EA0503E}
		{270EE973-F53A-4764-872D-91B3D3CE79CA} = {2A08E173-2F6A-4523-A726-0D89CFF43149}
		{A4C3A906-A778-4A44-9BBD-700B1B6677AC} = {4A84073E-7D66-4E8D-BAB6-5458C32220B5}
		{4B075530-52AE-4A32-9731-C1DADA08DFB9} = {2A08E173-2F6A-4523-A726-0D89CFF43149}
		{3D91722C-ED98-4430-A502-C28FEA0AA2D7} = {BCA2B254-5E57-4602-869A-0B398EA0503E}
		{B2E1A0AC-F32E-4439-B4A5-72227DEF6C9B} = {B1F43369-44FF-4B8E-9AB4-BCE62F51001A}
	EndGlobalSection
EndGlobal
